
Microsoft Visual Studio Solution File, Format Version 12.00
# Visual Studio Version 16
VisualStudioVersion = 16.0.29025.244
MinimumVisualStudioVersion = 10.0.40219.1
Project("{FAE04EC0-301F-11D3-BF4B-00C04F79EFBC}") = "Calculator", "Calculator.csproj", "{6799709E-742D-4B58-97E8-0F094F430C1A}"
EndProject
Project("{FAE04EC0-301F-11D3-BF4B-00C04F79EFBC}") = "Calculator.Tests", "..\Calculator.Tests\Calculator.Tests.csproj", "{F6BC8B09-0DA3-4662-92C6-D68DC3DC4D94}"
EndProject
Global
	GlobalSection(SolutionConfigurationPlatforms) = preSolution
		Debug|Any CPU = Debug|Any CPU
		Release|Any CPU = Release|Any CPU
	EndGlobalSection
	GlobalSection(ProjectConfigurationPlatforms) = postSolution
		{6799709E-742D-4B58-97E8-0F094F430C1A}.Debug|Any CPU.ActiveCfg = Debug|Any CPU
		{6799709E-742D-4B58-97E8-0F094F430C1A}.Debug|Any CPU.Build.0 = Debug|Any CPU
		{6799709E-742D-4B58-97E8-0F094F430C1A}.Release|Any CPU.ActiveCfg = Release|Any CPU
		{6799709E-742D-4B58-97E8-0F094F430C1A}.Release|Any CPU.Build.0 = Release|Any CPU
		{F6BC8B09-0DA3-4662-92C6-D68DC3DC4D94}.Debug|Any CPU.ActiveCfg = Debug|Any CPU
		{F6BC8B09-0DA3-4662-92C6-D68DC3DC4D94}.Debug|Any CPU.Build.0 = Debug|Any CPU
		{F6BC8B09-0DA3-4662-92C6-D68DC3DC4D94}.Release|Any CPU.ActiveCfg = Release|Any CPU
		{F6BC8B09-0DA3-4662-92C6-D68DC3DC4D94}.Release|Any CPU.Build.0 = Release|Any CPU
	EndGlobalSection
	GlobalSection(SolutionProperties) = preSolution
		HideSolutionNode = FALSE
	EndGlobalSection
	GlobalSection(ExtensibilityGlobals) = postSolution
		SolutionGuid = {1C90EFB6-0844-4DB4-92F7-6B2A0D7FFB63}
	EndGlobalSection
EndGlobal
